{
  "version": 4,
  "terraform_version": "1.9.7",
  "serial": 255,
  "lineage": "684787a1-c008-ac88-ef3a-549080c1b935",
  "outputs": {},
  "resources": [
    {
      "mode": "managed",
      "type": "aws_api_gateway_deployment",
      "name": "api_deployment",
      "provider": "provider[\"registry.terraform.io/hashicorp/aws\"]",
      "instances": [
        {
          "schema_version": 0,
          "attributes": {
            "canary_settings": [],
            "created_date": "2024-10-19T22:07:40Z",
            "description": "",
            "execution_arn": "arn:aws:execute-api:us-west-2:577638394160:d61bplghve/prod",
            "id": "xnib8i",
            "invoke_url": "https://d61bplghve.execute-api.us-west-2.amazonaws.com/prod",
            "rest_api_id": "d61bplghve",
            "stage_description": null,
            "stage_name": "prod",
            "triggers": null,
            "variables": null
          },
          "sensitive_attributes": [],
          "private": "bnVsbA==",
          "dependencies": [
            "aws_api_gateway_integration.lambda_integration",
            "aws_api_gateway_method.upload_put",
            "aws_api_gateway_resource.upload",
            "aws_api_gateway_rest_api.thumbnail_api",
            "aws_db_instance.mysql_db",
            "aws_iam_role.lambda_s3_exec_role",
            "aws_lambda_function.thumbnail_generator",
            "aws_lambda_layer_version.mysql_connector_layer",
            "aws_lambda_layer_version.pillow_layer",
            "aws_s3_bucket.thumbnails",
            "aws_security_group.rds_security_group"
          ]
        }
      ]
    },
    {
      "mode": "managed",
      "type": "aws_api_gateway_integration",
      "name": "lambda_integration",
      "provider": "provider[\"registry.terraform.io/hashicorp/aws\"]",
      "instances": [
        {
          "schema_version": 0,
          "attributes": {
            "cache_key_parameters": [],
            "cache_namespace": "lvpcvi",
            "connection_id": "",
            "connection_type": "INTERNET",
            "content_handling": "",
            "credentials": "",
            "http_method": "PUT",
            "id": "agi-d61bplghve-lvpcvi-PUT",
            "integration_http_method": "POST",
            "passthrough_behavior": "WHEN_NO_MATCH",
            "request_parameters": {},
            "request_templates": {},
            "resource_id": "lvpcvi",
            "rest_api_id": "d61bplghve",
            "timeout_milliseconds": 29000,
            "tls_config": [],
            "type": "AWS_PROXY",
            "uri": "arn:aws:apigateway:us-west-2:lambda:path/2015-03-31/functions/arn:aws:lambda:us-west-2:577638394160:function:thumbnail-generator/invocations"
          },
          "sensitive_attributes": [],
          "private": "bnVsbA==",
          "dependencies": [
            "aws_api_gateway_method.upload_put",
            "aws_api_gateway_resource.upload",
            "aws_api_gateway_rest_api.thumbnail_api",
            "aws_db_instance.mysql_db",
            "aws_iam_role.lambda_s3_exec_role",
            "aws_lambda_function.thumbnail_generator",
            "aws_lambda_layer_version.mysql_connector_layer",
            "aws_lambda_layer_version.pillow_layer",
            "aws_s3_bucket.thumbnails",
            "aws_security_group.rds_security_group"
          ]
        }
      ]
    },
    {
      "mode": "managed",
      "type": "aws_api_gateway_method",
      "name": "upload_put",
      "provider": "provider[\"registry.terraform.io/hashicorp/aws\"]",
      "instances": [
        {
          "schema_version": 0,
          "attributes": {
            "api_key_required": false,
            "authorization": "NONE",
            "authorization_scopes": [],
            "authorizer_id": "",
            "http_method": "PUT",
            "id": "agm-d61bplghve-lvpcvi-PUT",
            "operation_name": "",
            "request_models": {},
            "request_parameters": {},
            "request_validator_id": "",
            "resource_id": "lvpcvi",
            "rest_api_id": "d61bplghve"
          },
          "sensitive_attributes": [],
          "private": "bnVsbA==",
          "dependencies": [
            "aws_api_gateway_resource.upload",
            "aws_api_gateway_rest_api.thumbnail_api"
          ]
        }
      ]
    },
    {
      "mode": "managed",
      "type": "aws_api_gateway_resource",
      "name": "upload",
      "provider": "provider[\"registry.terraform.io/hashicorp/aws\"]",
      "instances": [
        {
          "schema_version": 0,
          "attributes": {
            "id": "lvpcvi",
            "parent_id": "y7syhi11j2",
            "path": "/upload",
            "path_part": "upload",
            "rest_api_id": "d61bplghve"
          },
          "sensitive_attributes": [],
          "private": "bnVsbA==",
          "dependencies": [
            "aws_api_gateway_rest_api.thumbnail_api"
          ]
        }
      ]
    },
    {
      "mode": "managed",
      "type": "aws_api_gateway_rest_api",
      "name": "thumbnail_api",
      "provider": "provider[\"registry.terraform.io/hashicorp/aws\"]",
      "instances": [
        {
          "schema_version": 0,
          "attributes": {
            "api_key_source": "HEADER",
            "arn": "arn:aws:apigateway:us-west-2::/restapis/d61bplghve",
            "binary_media_types": [],
            "body": null,
            "created_date": "2024-10-19T21:51:36Z",
            "description": "",
            "disable_execute_api_endpoint": false,
            "endpoint_configuration": [
              {
                "types": [
                  "EDGE"
                ],
                "vpc_endpoint_ids": []
              }
            ],
            "execution_arn": "arn:aws:execute-api:us-west-2:577638394160:d61bplghve",
            "fail_on_warnings": null,
            "id": "d61bplghve",
            "minimum_compression_size": "",
            "name": "ThumbnailGeneratorAPI",
            "parameters": null,
            "policy": "",
            "put_rest_api_mode": null,
            "root_resource_id": "y7syhi11j2",
            "tags": {},
            "tags_all": {}
          },
          "sensitive_attributes": [],
          "private": "bnVsbA=="
        }
      ]
    },
    {
      "mode": "managed",
      "type": "aws_cloudwatch_log_group",
      "name": "api_gateway_log_group",
      "provider": "provider[\"registry.terraform.io/hashicorp/aws\"]",
      "instances": [
        {
          "schema_version": 0,
          "attributes": {
            "arn": "arn:aws:logs:us-west-2:577638394160:log-group:/aws/api-gateway/thumbnail-api",
            "id": "/aws/api-gateway/thumbnail-api",
            "kms_key_id": "",
            "log_group_class": "STANDARD",
            "name": "/aws/api-gateway/thumbnail-api",
            "name_prefix": "",
            "retention_in_days": 7,
            "skip_destroy": false,
            "tags": {},
            "tags_all": {}
          },
          "sensitive_attributes": [],
          "private": "bnVsbA=="
        }
      ]
    },
    {
      "mode": "managed",
      "type": "aws_cloudwatch_log_group",
      "name": "lambda_log_group",
      "provider": "provider[\"registry.terraform.io/hashicorp/aws\"]",
      "instances": [
        {
          "schema_version": 0,
          "attributes": {
            "arn": "arn:aws:logs:us-west-2:577638394160:log-group:/aws/lambda/thumbnail-generator",
            "id": "/aws/lambda/thumbnail-generator",
            "kms_key_id": "",
            "log_group_class": "STANDARD",
            "name": "/aws/lambda/thumbnail-generator",
            "name_prefix": "",
            "retention_in_days": 7,
            "skip_destroy": false,
            "tags": {},
            "tags_all": {}
          },
          "sensitive_attributes": [],
          "private": "eyJzY2hlbWFfdmVyc2lvbiI6IjAifQ=="
        }
      ]
    },
    {
      "mode": "managed",
      "type": "aws_db_instance",
      "name": "mysql_db",
      "provider": "provider[\"registry.terraform.io/hashicorp/aws\"]",
      "instances": [
        {
          "schema_version": 2,
          "attributes": {
            "address": "terraform-20241020073130298600000001.creug64m4trc.us-west-2.rds.amazonaws.com",
            "allocated_storage": 20,
            "allow_major_version_upgrade": null,
            "apply_immediately": false,
            "arn": "arn:aws:rds:us-west-2:577638394160:db:terraform-20241020073130298600000001",
            "auto_minor_version_upgrade": true,
            "availability_zone": "us-west-2d",
            "backup_retention_period": 0,
            "backup_target": "region",
            "backup_window": "08:40-09:10",
            "blue_green_update": [],
            "ca_cert_identifier": "rds-ca-rsa2048-g1",
            "character_set_name": "",
            "copy_tags_to_snapshot": false,
            "custom_iam_instance_profile": "",
            "customer_owned_ip_enabled": false,
            "db_name": "",
            "db_subnet_group_name": "default",
            "dedicated_log_volume": false,
            "delete_automated_backups": true,
            "deletion_protection": false,
            "domain": "",
            "domain_auth_secret_arn": "",
            "domain_dns_ips": [],
            "domain_fqdn": "",
            "domain_iam_role_name": "",
            "domain_ou": "",
            "enabled_cloudwatch_logs_exports": [],
            "endpoint": "terraform-20241020073130298600000001.creug64m4trc.us-west-2.rds.amazonaws.com:3306",
            "engine": "mysql",
            "engine_lifecycle_support": "open-source-rds-extended-support",
            "engine_version": "8.0",
            "engine_version_actual": "8.0.39",
            "final_snapshot_identifier": null,
            "hosted_zone_id": "Z1PVIF0B656C1W",
            "iam_database_authentication_enabled": false,
            "id": "db-5UXYCNLLJJEHRSUWYY56GTV3NE",
            "identifier": "terraform-20241020073130298600000001",
            "identifier_prefix": "terraform-",
            "instance_class": "db.t3.micro",
            "iops": 0,
            "kms_key_id": "",
            "latest_restorable_time": "",
            "license_model": "general-public-license",
            "listener_endpoint": [],
            "maintenance_window": "wed:09:16-wed:09:46",
            "manage_master_user_password": null,
            "master_user_secret": [],
            "master_user_secret_kms_key_id": null,
            "max_allocated_storage": 0,
            "monitoring_interval": 0,
            "monitoring_role_arn": "",
            "multi_az": false,
            "nchar_character_set_name": "",
            "network_type": "IPV4",
            "option_group_name": "default:mysql-8-0",
            "parameter_group_name": "default.mysql8.0",
            "password": "MySQLPassword123",
            "performance_insights_enabled": false,
            "performance_insights_kms_key_id": "",
            "performance_insights_retention_period": 0,
            "port": 3306,
            "publicly_accessible": true,
            "replica_mode": "",
            "replicas": [],
            "replicate_source_db": "",
            "resource_id": "db-5UXYCNLLJJEHRSUWYY56GTV3NE",
            "restore_to_point_in_time": [],
            "s3_import": [],
            "skip_final_snapshot": true,
            "snapshot_identifier": null,
            "status": "available",
            "storage_encrypted": false,
            "storage_throughput": 0,
            "storage_type": "gp2",
            "tags": {
              "Name": "mysql-db-instance"
            },
            "tags_all": {
              "Name": "mysql-db-instance"
            },
            "timeouts": null,
            "timezone": "",
            "upgrade_storage_config": null,
            "username": "dbadmin",
            "vpc_security_group_ids": [
              "sg-08179316ea764274b"
            ]
          },
          "sensitive_attributes": [
            [
              {
                "type": "get_attr",
                "value": "password"
              }
            ]
          ],
          "private": "eyJlMmJmYjczMC1lY2FhLTExZTYtOGY4OC0zNDM2M2JjN2M0YzAiOnsiY3JlYXRlIjoyNDAwMDAwMDAwMDAwLCJkZWxldGUiOjM2MDAwMDAwMDAwMDAsInVwZGF0ZSI6NDgwMDAwMDAwMDAwMH0sInNjaGVtYV92ZXJzaW9uIjoiMiJ9",
          "dependencies": [
            "aws_security_group.rds_security_group"
          ]
        }
      ]
    },
    {
      "mode": "managed",
      "type": "aws_glue_catalog_database",
      "name": "rds_metadata_database",
      "provider": "provider[\"registry.terraform.io/hashicorp/aws\"]",
      "instances": [
        {
          "schema_version": 0,
          "attributes": {
            "arn": "arn:aws:glue:us-west-2:577638394160:database/rds_metadata",
            "catalog_id": "577638394160",
            "create_table_default_permission": [
              {
                "permissions": [
                  "ALL"
                ],
                "principal": [
                  {
                    "data_lake_principal_identifier": "IAM_ALLOWED_PRINCIPALS"
                  }
                ]
              }
            ],
            "description": "",
            "federated_database": [],
            "id": "577638394160:rds_metadata",
            "location_uri": "",
            "name": "rds_metadata",
            "parameters": {},
            "tags": {},
            "tags_all": {},
            "target_database": []
          },
          "sensitive_attributes": [],
          "private": "bnVsbA=="
        }
      ]
    },
    {
      "mode": "managed",
      "type": "aws_glue_connection",
      "name": "mysql_connection",
      "provider": "provider[\"registry.terraform.io/hashicorp/aws\"]",
      "instances": [
        {
          "schema_version": 0,
          "attributes": {
            "arn": "arn:aws:glue:us-west-2:577638394160:connection/mysql-connection",
            "catalog_id": "577638394160",
            "connection_properties": {
              "JDBC_CONNECTION_URL": "jdbc:mysql://terraform-20241020073130298600000001.creug64m4trc.us-west-2.rds.amazonaws.com:3306:3306/images_metadata",
              "PASSWORD": "MySQLPassword123",
              "USERNAME": "dbadmin"
            },
            "connection_type": "JDBC",
            "description": "",
            "id": "577638394160:mysql-connection",
            "match_criteria": [],
            "name": "mysql-connection",
            "physical_connection_requirements": [
              {
                "availability_zone": "us-west-2a",
                "security_group_id_list": [
                  "sg-08179316ea764274b"
                ],
                "subnet_id": ""
              }
            ],
            "tags": {},
            "tags_all": {}
          },
          "sensitive_attributes": [
            [
              {
                "type": "get_attr",
                "value": "connection_properties"
              }
            ]
          ],
          "private": "bnVsbA==",
          "dependencies": [
            "aws_db_instance.mysql_db",
            "aws_security_group.rds_security_group"
          ]
        }
      ]
    },
    {
      "mode": "managed",
      "type": "aws_glue_job",
      "name": "rds_to_redshift_job",
      "provider": "provider[\"registry.terraform.io/hashicorp/aws\"]",
      "instances": [
        {
          "schema_version": 0,
          "attributes": {
            "arn": "arn:aws:glue:us-west-2:577638394160:job/rds-to-redshift-job",
            "command": [
              {
                "name": "glueetl",
                "python_version": "3",
                "runtime": "",
                "script_location": "s3://stori-thumbnail-thumbnails/glue-scripts/transfer_data.py"
              }
            ],
            "connections": [
              "mysql-connection"
            ],
            "default_arguments": {
              "--TempDir": "s3://stori-thumbnail-thumbnails/glue-temp/"
            },
            "description": "",
            "execution_class": "",
            "execution_property": [
              {
                "max_concurrent_runs": 1
              }
            ],
            "glue_version": "4.0",
            "id": "rds-to-redshift-job",
            "job_run_queuing_enabled": false,
            "maintenance_window": "",
            "max_capacity": 10,
            "max_retries": 1,
            "name": "rds-to-redshift-job",
            "non_overridable_arguments": {},
            "notification_property": [],
            "number_of_workers": 0,
            "role_arn": "arn:aws:iam::577638394160:role/glue_service_role",
            "security_configuration": "",
            "tags": {},
            "tags_all": {},
            "timeout": 2880,
            "worker_type": ""
          },
          "sensitive_attributes": [],
          "private": "bnVsbA==",
          "dependencies": [
            "aws_db_instance.mysql_db",
            "aws_glue_connection.mysql_connection",
            "aws_iam_role.glue_service_role",
            "aws_security_group.rds_security_group"
          ]
        }
      ]
    },
    {
      "mode": "managed",
      "type": "aws_iam_policy",
      "name": "glue_policy",
      "provider": "provider[\"registry.terraform.io/hashicorp/aws\"]",
      "instances": [
        {
          "schema_version": 0,
          "attributes": {
            "arn": "arn:aws:iam::577638394160:policy/glue_access_policy",
            "attachment_count": 1,
            "description": "",
            "id": "arn:aws:iam::577638394160:policy/glue_access_policy",
            "name": "glue_access_policy",
            "name_prefix": "",
            "path": "/",
            "policy": "{\"Statement\":[{\"Action\":[\"glue:GetConnection\",\"glue:GetDatabase\",\"glue:GetTable\",\"glue:CreateTable\",\"glue:UpdateTable\"],\"Effect\":\"Allow\",\"Resource\":\"*\"}],\"Version\":\"2012-10-17\"}",
            "policy_id": "ANPAYM7PONEYHA64G5CNY",
            "tags": {},
            "tags_all": {}
          },
          "sensitive_attributes": [],
          "private": "bnVsbA=="
        }
      ]
    },
    {
      "mode": "managed",
      "type": "aws_iam_role",
      "name": "glue_service_role",
      "provider": "provider[\"registry.terraform.io/hashicorp/aws\"]",
      "instances": [
        {
          "schema_version": 0,
          "attributes": {
            "arn": "arn:aws:iam::577638394160:role/glue_service_role",
            "assume_role_policy": "{\"Statement\":[{\"Action\":\"sts:AssumeRole\",\"Effect\":\"Allow\",\"Principal\":{\"Service\":\"glue.amazonaws.com\"}}],\"Version\":\"2012-10-17\"}",
            "create_date": "2024-10-20T21:10:13Z",
            "description": "",
            "force_detach_policies": false,
            "id": "glue_service_role",
            "inline_policy": [],
            "managed_policy_arns": [
              "arn:aws:iam::577638394160:policy/glue_access_policy",
              "arn:aws:iam::aws:policy/AmazonRDSFullAccess",
              "arn:aws:iam::aws:policy/AmazonRedshiftFullAccess",
              "arn:aws:iam::aws:policy/AmazonS3FullAccess"
            ],
            "max_session_duration": 3600,
            "name": "glue_service_role",
            "name_prefix": "",
            "path": "/",
            "permissions_boundary": "",
            "tags": {},
            "tags_all": {},
            "unique_id": "AROAYM7PONEYDWXWTQPDA"
          },
          "sensitive_attributes": [],
          "private": "bnVsbA=="
        }
      ]
    },
    {
      "mode": "managed",
      "type": "aws_iam_role",
      "name": "lambda_s3_exec_role",
      "provider": "provider[\"registry.terraform.io/hashicorp/aws\"]",
      "instances": [
        {
          "schema_version": 0,
          "attributes": {
            "arn": "arn:aws:iam::577638394160:role/lambda_s3_exec_role",
            "assume_role_policy": "{\"Statement\":[{\"Action\":\"sts:AssumeRole\",\"Effect\":\"Allow\",\"Principal\":{\"Service\":\"lambda.amazonaws.com\"}}],\"Version\":\"2012-10-17\"}",
            "create_date": "2024-10-16T02:45:18Z",
            "description": "",
            "force_detach_policies": false,
            "id": "lambda_s3_exec_role",
            "inline_policy": [
              {
                "name": "rekognition_access_policy",
                "policy": "{\"Version\":\"2012-10-17\",\"Statement\":[{\"Action\":\"rekognition:DetectLabels\",\"Effect\":\"Allow\",\"Resource\":\"*\"}]}"
              },
              {
                "name": "s3_access_policy",
                "policy": "{\"Version\":\"2012-10-17\",\"Statement\":[{\"Action\":[\"s3:GetObject\",\"s3:PutObject\"],\"Effect\":\"Allow\",\"Resource\":[\"arn:aws:s3:::stori-thumbnail-original-images/*\",\"arn:aws:s3:::stori-thumbnail-thumbnails/*\"]}]}"
              }
            ],
            "managed_policy_arns": [
              "arn:aws:iam::aws:policy/service-role/AWSLambdaBasicExecutionRole"
            ],
            "max_session_duration": 3600,
            "name": "lambda_s3_exec_role",
            "name_prefix": "",
            "path": "/",
            "permissions_boundary": "",
            "tags": {},
            "tags_all": {},
            "unique_id": "AROAYM7PONEYELE3ST5TY"
          },
          "sensitive_attributes": [],
          "private": "eyJzY2hlbWFfdmVyc2lvbiI6IjAifQ=="
        }
      ]
    },
    {
      "mode": "managed",
      "type": "aws_iam_role_policy",
      "name": "rekognition_access_policy",
      "provider": "provider[\"registry.terraform.io/hashicorp/aws\"]",
      "instances": [
        {
          "schema_version": 0,
          "attributes": {
            "id": "lambda_s3_exec_role:rekognition_access_policy",
            "name": "rekognition_access_policy",
            "name_prefix": "",
            "policy": "{\"Version\":\"2012-10-17\",\"Statement\":[{\"Action\":\"rekognition:DetectLabels\",\"Effect\":\"Allow\",\"Resource\":\"*\"}]}",
            "role": "lambda_s3_exec_role"
          },
          "sensitive_attributes": [],
          "private": "bnVsbA==",
          "dependencies": [
            "aws_iam_role.lambda_s3_exec_role"
          ]
        }
      ]
    },
    {
      "mode": "managed",
      "type": "aws_iam_role_policy",
      "name": "s3_access_policy",
      "provider": "provider[\"registry.terraform.io/hashicorp/aws\"]",
      "instances": [
        {
          "schema_version": 0,
          "attributes": {
            "id": "lambda_s3_exec_role:s3_access_policy",
            "name": "s3_access_policy",
            "name_prefix": "",
            "policy": "{\"Version\":\"2012-10-17\",\"Statement\":[{\"Action\":[\"s3:GetObject\",\"s3:PutObject\"],\"Effect\":\"Allow\",\"Resource\":[\"arn:aws:s3:::stori-thumbnail-original-images/*\",\"arn:aws:s3:::stori-thumbnail-thumbnails/*\"]}]}",
            "role": "lambda_s3_exec_role"
          },
          "sensitive_attributes": [],
          "private": "bnVsbA==",
          "dependencies": [
            "aws_iam_role.lambda_s3_exec_role"
          ]
        }
      ]
    },
    {
      "mode": "managed",
      "type": "aws_iam_role_policy_attachment",
      "name": "glue_policy_attachment",
      "provider": "provider[\"registry.terraform.io/hashicorp/aws\"]",
      "instances": [
        {
          "schema_version": 0,
          "attributes": {
            "id": "glue_service_role-20241020220903225900000001",
            "policy_arn": "arn:aws:iam::577638394160:policy/glue_access_policy",
            "role": "glue_service_role"
          },
          "sensitive_attributes": [],
          "private": "bnVsbA==",
          "dependencies": [
            "aws_iam_policy.glue_policy",
            "aws_iam_role.glue_service_role"
          ]
        }
      ]
    },
    {
      "mode": "managed",
      "type": "aws_iam_role_policy_attachment",
      "name": "glue_rds_access",
      "provider": "provider[\"registry.terraform.io/hashicorp/aws\"]",
      "instances": [
        {
          "schema_version": 0,
          "attributes": {
            "id": "glue_service_role-20241020211017583700000003",
            "policy_arn": "arn:aws:iam::aws:policy/AmazonRDSFullAccess",
            "role": "glue_service_role"
          },
          "sensitive_attributes": [],
          "private": "bnVsbA==",
          "dependencies": [
            "aws_iam_role.glue_service_role"
          ]
        }
      ]
    },
    {
      "mode": "managed",
      "type": "aws_iam_role_policy_attachment",
      "name": "glue_redshift_access",
      "provider": "provider[\"registry.terraform.io/hashicorp/aws\"]",
      "instances": [
        {
          "schema_version": 0,
          "attributes": {
            "id": "glue_service_role-20241020211017458700000002",
            "policy_arn": "arn:aws:iam::aws:policy/AmazonRedshiftFullAccess",
            "role": "glue_service_role"
          },
          "sensitive_attributes": [],
          "private": "bnVsbA==",
          "dependencies": [
            "aws_iam_role.glue_service_role"
          ]
        }
      ]
    },
    {
      "mode": "managed",
      "type": "aws_iam_role_policy_attachment",
      "name": "glue_s3_access",
      "provider": "provider[\"registry.terraform.io/hashicorp/aws\"]",
      "instances": [
        {
          "schema_version": 0,
          "attributes": {
            "id": "glue_service_role-20241020211017257400000001",
            "policy_arn": "arn:aws:iam::aws:policy/AmazonS3FullAccess",
            "role": "glue_service_role"
          },
          "sensitive_attributes": [],
          "private": "bnVsbA==",
          "dependencies": [
            "aws_iam_role.glue_service_role"
          ]
        }
      ]
    },
    {
      "mode": "managed",
      "type": "aws_iam_role_policy_attachment",
      "name": "lambda_basic_execution",
      "provider": "provider[\"registry.terraform.io/hashicorp/aws\"]",
      "instances": [
        {
          "schema_version": 0,
          "attributes": {
            "id": "lambda_s3_exec_role-20241019215445347300000001",
            "policy_arn": "arn:aws:iam::aws:policy/service-role/AWSLambdaBasicExecutionRole",
            "role": "lambda_s3_exec_role"
          },
          "sensitive_attributes": [],
          "private": "bnVsbA==",
          "dependencies": [
            "aws_iam_role.lambda_s3_exec_role"
          ]
        }
      ]
    },
    {
      "mode": "managed",
      "type": "aws_lambda_function",
      "name": "thumbnail_generator",
      "provider": "provider[\"registry.terraform.io/hashicorp/aws\"]",
      "instances": [
        {
          "schema_version": 0,
          "attributes": {
            "architectures": [
              "x86_64"
            ],
            "arn": "arn:aws:lambda:us-west-2:577638394160:function:thumbnail-generator",
            "code_sha256": "b/1jc70n/Cd/RLvIA84vDjLSKLu4JtRova06cKFWz0g=",
            "code_signing_config_arn": "",
            "dead_letter_config": [],
            "description": "",
            "environment": [
              {
                "variables": {
                  "DEST_BUCKET": "stori-thumbnail-thumbnails",
                  "RDS_DB_NAME": "images_metadata",
                  "RDS_ENDPOINT": "terraform-20241020073130298600000001.creug64m4trc.us-west-2.rds.amazonaws.com:3306",
                  "RDS_PASSWORD": "MySQLPassword123",
                  "RDS_PORT": "3306",
                  "RDS_USERNAME": "dbadmin"
                }
              }
            ],
            "ephemeral_storage": [
              {
                "size": 512
              }
            ],
            "file_system_config": [],
            "filename": "lambda.zip",
            "function_name": "thumbnail-generator",
            "handler": "lambda_function.lambda_handler",
            "id": "thumbnail-generator",
            "image_config": [],
            "image_uri": "",
            "invoke_arn": "arn:aws:apigateway:us-west-2:lambda:path/2015-03-31/functions/arn:aws:lambda:us-west-2:577638394160:function:thumbnail-generator/invocations",
            "kms_key_arn": "",
            "last_modified": "2024-10-20T22:53:20.000+0000",
            "layers": [
              "arn:aws:lambda:us-west-2:577638394160:layer:pillow-layer:3",
              "arn:aws:lambda:us-west-2:577638394160:layer:mysql-connector-layer:2"
            ],
            "logging_config": [
              {
                "application_log_level": "",
                "log_format": "Text",
                "log_group": "/aws/lambda/thumbnail-generator",
                "system_log_level": ""
              }
            ],
            "memory_size": 128,
            "package_type": "Zip",
            "publish": false,
            "qualified_arn": "arn:aws:lambda:us-west-2:577638394160:function:thumbnail-generator:$LATEST",
            "qualified_invoke_arn": "arn:aws:apigateway:us-west-2:lambda:path/2015-03-31/functions/arn:aws:lambda:us-west-2:577638394160:function:thumbnail-generator:$LATEST/invocations",
            "replace_security_groups_on_destroy": null,
            "replacement_security_group_ids": null,
            "reserved_concurrent_executions": -1,
            "role": "arn:aws:iam::577638394160:role/lambda_s3_exec_role",
            "runtime": "python3.9",
            "s3_bucket": null,
            "s3_key": null,
            "s3_object_version": null,
            "signing_job_arn": "",
            "signing_profile_version_arn": "",
            "skip_destroy": false,
            "snap_start": [],
            "source_code_hash": "b/1jc70n/Cd/RLvIA84vDjLSKLu4JtRova06cKFWz0g=",
            "source_code_size": 2116,
            "tags": {},
            "tags_all": {},
            "timeout": 3,
            "timeouts": null,
            "tracing_config": [
              {
                "mode": "PassThrough"
              }
            ],
            "version": "$LATEST",
            "vpc_config": []
          },
          "sensitive_attributes": [],
          "private": "eyJlMmJmYjczMC1lY2FhLTExZTYtOGY4OC0zNDM2M2JjN2M0YzAiOnsiY3JlYXRlIjo2MDAwMDAwMDAwMDAsImRlbGV0ZSI6NjAwMDAwMDAwMDAwLCJ1cGRhdGUiOjYwMDAwMDAwMDAwMH19",
          "dependencies": [
            "aws_db_instance.mysql_db",
            "aws_iam_role.lambda_s3_exec_role",
            "aws_lambda_layer_version.mysql_connector_layer",
            "aws_lambda_layer_version.pillow_layer",
            "aws_s3_bucket.thumbnails",
            "aws_security_group.rds_security_group"
          ]
        }
      ]
    },
    {
      "mode": "managed",
      "type": "aws_lambda_layer_version",
      "name": "mysql_connector_layer",
      "provider": "provider[\"registry.terraform.io/hashicorp/aws\"]",
      "instances": [
        {
          "schema_version": 0,
          "attributes": {
            "arn": "arn:aws:lambda:us-west-2:577638394160:layer:mysql-connector-layer:2",
            "code_sha256": "i0eKgEfIaBqV+bxsuYZ8qFiHx95Qw5yZwNIatzNcZlo=",
            "compatible_architectures": [],
            "compatible_runtimes": [
              "python3.9"
            ],
            "created_date": "2024-10-20T07:40:42.177+0000",
            "description": "",
            "filename": "mysql_connector_layer.zip",
            "id": "arn:aws:lambda:us-west-2:577638394160:layer:mysql-connector-layer:2",
            "layer_arn": "arn:aws:lambda:us-west-2:577638394160:layer:mysql-connector-layer",
            "layer_name": "mysql-connector-layer",
            "license_info": "",
            "s3_bucket": null,
            "s3_key": null,
            "s3_object_version": null,
            "signing_job_arn": "",
            "signing_profile_version_arn": "",
            "skip_destroy": false,
            "source_code_hash": "",
            "source_code_size": 33805537,
            "version": "2"
          },
          "sensitive_attributes": [],
          "private": "bnVsbA=="
        }
      ]
    },
    {
      "mode": "managed",
      "type": "aws_lambda_layer_version",
      "name": "pillow_layer",
      "provider": "provider[\"registry.terraform.io/hashicorp/aws\"]",
      "instances": [
        {
          "schema_version": 0,
          "attributes": {
            "arn": "arn:aws:lambda:us-west-2:577638394160:layer:pillow-layer:3",
            "code_sha256": "lCR8vxrjQUzNdDdnTT91AHNwrfzSxCdi4wkeE3LhfzQ=",
            "compatible_architectures": [],
            "compatible_runtimes": [
              "python3.9"
            ],
            "created_date": "2024-10-20T07:42:16.861+0000",
            "description": "",
            "filename": "pillow_layer.zip",
            "id": "arn:aws:lambda:us-west-2:577638394160:layer:pillow-layer:3",
            "layer_arn": "arn:aws:lambda:us-west-2:577638394160:layer:pillow-layer",
            "layer_name": "pillow-layer",
            "license_info": "",
            "s3_bucket": null,
            "s3_key": null,
            "s3_object_version": null,
            "signing_job_arn": "",
            "signing_profile_version_arn": "",
            "skip_destroy": false,
            "source_code_hash": "lCR8vxrjQUzNdDdnTT91AHNwrfzSxCdi4wkeE3LhfzQ=",
            "source_code_size": 4803600,
            "version": "3"
          },
          "sensitive_attributes": [],
          "private": "bnVsbA=="
        }
      ]
    },
    {
      "mode": "managed",
      "type": "aws_lambda_permission",
      "name": "allow_s3_invoke",
      "provider": "provider[\"registry.terraform.io/hashicorp/aws\"]",
      "instances": [
        {
          "schema_version": 0,
          "attributes": {
            "action": "lambda:InvokeFunction",
            "event_source_token": null,
            "function_name": "thumbnail-generator",
            "function_url_auth_type": null,
            "id": "AllowS3Invoke",
            "principal": "s3.amazonaws.com",
            "principal_org_id": null,
            "qualifier": "",
            "source_account": null,
            "source_arn": "arn:aws:s3:::stori-thumbnail-original-images",
            "statement_id": "AllowS3Invoke",
            "statement_id_prefix": ""
          },
          "sensitive_attributes": [],
          "private": "eyJzY2hlbWFfdmVyc2lvbiI6IjAifQ==",
          "dependencies": [
            "aws_db_instance.mysql_db",
            "aws_iam_role.lambda_s3_exec_role",
            "aws_lambda_function.thumbnail_generator",
            "aws_lambda_layer_version.mysql_connector_layer",
            "aws_lambda_layer_version.pillow_layer",
            "aws_s3_bucket.source_images",
            "aws_s3_bucket.thumbnails",
            "aws_security_group.rds_security_group"
          ]
        }
      ]
    },
    {
      "mode": "managed",
      "type": "aws_redshift_cluster",
      "name": "image_tags_cluster",
      "provider": "provider[\"registry.terraform.io/hashicorp/aws\"]",
      "instances": [
        {
          "schema_version": 0,
          "attributes": {
            "allow_version_upgrade": true,
            "apply_immediately": false,
            "aqua_configuration_status": "auto",
            "arn": "arn:aws:redshift:us-west-2:577638394160:cluster:image-tags-cluster",
            "automated_snapshot_retention_period": 1,
            "availability_zone": "us-west-2c",
            "availability_zone_relocation_enabled": false,
            "cluster_identifier": "image-tags-cluster",
            "cluster_namespace_arn": "arn:aws:redshift:us-west-2:577638394160:namespace:eeec1680-2eb8-4b2c-a625-da00f1515a61",
            "cluster_nodes": [
              {
                "node_role": "SHARED",
                "private_ip_address": "172.31.0.135",
                "public_ip_address": "34.223.179.98"
              }
            ],
            "cluster_parameter_group_name": "default.redshift-1.0",
            "cluster_public_key": "ssh-rsa AAAAB3NzaC1yc2EAAAADAQABAAABAQCNLlZIpW57L7GnrehV7iIWiEBCV/Ho5hWS5VVwxqCLmmoMwXspRcJFpezzRujBmFz/g8YaLZwpTLDnB6EUjMolPG6Ezm06EkJa/aKbmZ6qtVPHBOB9gImEzrXQcdlIhy0GaN81zWpJrHs04sPqtKWonwpxCelHsgGr9SOVhZ4IsrYF/8jvTUywrZeoMKWOkcmq5iGwL7dItY//Dz2vzfrMMgqEOPeFzP+kWAg28YuQuKhP6lZGvvgIykp4JK8et9TwyuKkmpgh5127izCAkDg+KJOWGFIdLVOG4lIBqL+zaWOndYPnYuV9kUg8sHgEknqUtURzwS8PLns9L78l81oN Amazon-Redshift\n",
            "cluster_revision_number": "76642",
            "cluster_subnet_group_name": "default",
            "cluster_type": "single-node",
            "cluster_version": "1.0",
            "database_name": "",
            "default_iam_role_arn": "",
            "dns_name": "image-tags-cluster.cnulglg3nhhb.us-west-2.redshift.amazonaws.com",
            "elastic_ip": null,
            "encrypted": false,
            "endpoint": "image-tags-cluster.cnulglg3nhhb.us-west-2.redshift.amazonaws.com:5439",
            "enhanced_vpc_routing": false,
            "final_snapshot_identifier": null,
            "iam_roles": [],
            "id": "image-tags-cluster",
            "kms_key_id": "",
            "logging": [
              {
                "bucket_name": "",
                "enable": false,
                "log_destination_type": "",
                "log_exports": [],
                "s3_key_prefix": ""
              }
            ],
            "maintenance_track_name": "current",
            "manage_master_password": null,
            "manual_snapshot_retention_period": -1,
            "master_password": "RedshiftPassword123",
            "master_password_secret_arn": "",
            "master_password_secret_kms_key_id": "",
            "master_username": "admin",
            "multi_az": false,
            "node_type": "dc2.large",
            "number_of_nodes": 1,
            "owner_account": null,
            "port": 5439,
            "preferred_maintenance_window": "mon:08:30-mon:09:00",
            "publicly_accessible": true,
            "skip_final_snapshot": true,
            "snapshot_arn": null,
            "snapshot_cluster_identifier": null,
            "snapshot_copy": [],
            "snapshot_identifier": null,
            "tags": {
              "Name": "image-tags-cluster"
            },
            "tags_all": {
              "Name": "image-tags-cluster"
            },
            "timeouts": null,
            "vpc_security_group_ids": [
              "sg-058c5f32f05ee4220"
            ]
          },
          "sensitive_attributes": [
            [
              {
                "type": "get_attr",
                "value": "master_password"
              }
            ]
          ],
          "private": "eyJlMmJmYjczMC1lY2FhLTExZTYtOGY4OC0zNDM2M2JjN2M0YzAiOnsiY3JlYXRlIjo0NTAwMDAwMDAwMDAwLCJkZWxldGUiOjI0MDAwMDAwMDAwMDAsInVwZGF0ZSI6NDUwMDAwMDAwMDAwMH19"
        }
      ]
    },
    {
      "mode": "managed",
      "type": "aws_s3_bucket",
      "name": "source_images",
      "provider": "provider[\"registry.terraform.io/hashicorp/aws\"]",
      "instances": [
        {
          "schema_version": 0,
          "attributes": {
            "acceleration_status": "",
            "acl": null,
            "arn": "arn:aws:s3:::stori-thumbnail-original-images",
            "bucket": "stori-thumbnail-original-images",
            "bucket_domain_name": "stori-thumbnail-original-images.s3.amazonaws.com",
            "bucket_prefix": "",
            "bucket_regional_domain_name": "stori-thumbnail-original-images.s3.us-west-2.amazonaws.com",
            "cors_rule": [],
            "force_destroy": null,
            "grant": [
              {
                "id": "b1e99fa04c186a1dc5f804d7ef134efbccb20a64dae8797f55f90271c4938c0c",
                "permissions": [
                  "FULL_CONTROL"
                ],
                "type": "CanonicalUser",
                "uri": ""
              }
            ],
            "hosted_zone_id": "Z3BJ6K6RIION7M",
            "id": "stori-thumbnail-original-images",
            "lifecycle_rule": [],
            "logging": [],
            "object_lock_configuration": [],
            "object_lock_enabled": false,
            "policy": "",
            "region": "us-west-2",
            "replication_configuration": [],
            "request_payer": "BucketOwner",
            "server_side_encryption_configuration": [
              {
                "rule": [
                  {
                    "apply_server_side_encryption_by_default": [
                      {
                        "kms_master_key_id": "",
                        "sse_algorithm": "AES256"
                      }
                    ],
                    "bucket_key_enabled": false
                  }
                ]
              }
            ],
            "tags": {},
            "tags_all": {},
            "timeouts": null,
            "versioning": [
              {
                "enabled": false,
                "mfa_delete": false
              }
            ],
            "website": [],
            "website_domain": null,
            "website_endpoint": null
          },
          "sensitive_attributes": [],
          "private": "eyJlMmJmYjczMC1lY2FhLTExZTYtOGY4OC0zNDM2M2JjN2M0YzAiOnsiY3JlYXRlIjoxMjAwMDAwMDAwMDAwLCJkZWxldGUiOjM2MDAwMDAwMDAwMDAsInJlYWQiOjEyMDAwMDAwMDAwMDAsInVwZGF0ZSI6MTIwMDAwMDAwMDAwMH0sInNjaGVtYV92ZXJzaW9uIjoiMCJ9"
        }
      ]
    },
    {
      "mode": "managed",
      "type": "aws_s3_bucket",
      "name": "thumbnails",
      "provider": "provider[\"registry.terraform.io/hashicorp/aws\"]",
      "instances": [
        {
          "schema_version": 0,
          "attributes": {
            "acceleration_status": "",
            "acl": null,
            "arn": "arn:aws:s3:::stori-thumbnail-thumbnails",
            "bucket": "stori-thumbnail-thumbnails",
            "bucket_domain_name": "stori-thumbnail-thumbnails.s3.amazonaws.com",
            "bucket_prefix": "",
            "bucket_regional_domain_name": "stori-thumbnail-thumbnails.s3.us-west-2.amazonaws.com",
            "cors_rule": [],
            "force_destroy": null,
            "grant": [
              {
                "id": "b1e99fa04c186a1dc5f804d7ef134efbccb20a64dae8797f55f90271c4938c0c",
                "permissions": [
                  "FULL_CONTROL"
                ],
                "type": "CanonicalUser",
                "uri": ""
              }
            ],
            "hosted_zone_id": "Z3BJ6K6RIION7M",
            "id": "stori-thumbnail-thumbnails",
            "lifecycle_rule": [],
            "logging": [],
            "object_lock_configuration": [],
            "object_lock_enabled": false,
            "policy": "",
            "region": "us-west-2",
            "replication_configuration": [],
            "request_payer": "BucketOwner",
            "server_side_encryption_configuration": [
              {
                "rule": [
                  {
                    "apply_server_side_encryption_by_default": [
                      {
                        "kms_master_key_id": "",
                        "sse_algorithm": "AES256"
                      }
                    ],
                    "bucket_key_enabled": false
                  }
                ]
              }
            ],
            "tags": {},
            "tags_all": {},
            "timeouts": null,
            "versioning": [
              {
                "enabled": false,
                "mfa_delete": false
              }
            ],
            "website": [],
            "website_domain": null,
            "website_endpoint": null
          },
          "sensitive_attributes": [],
          "private": "eyJlMmJmYjczMC1lY2FhLTExZTYtOGY4OC0zNDM2M2JjN2M0YzAiOnsiY3JlYXRlIjoxMjAwMDAwMDAwMDAwLCJkZWxldGUiOjM2MDAwMDAwMDAwMDAsInJlYWQiOjEyMDAwMDAwMDAwMDAsInVwZGF0ZSI6MTIwMDAwMDAwMDAwMH0sInNjaGVtYV92ZXJzaW9uIjoiMCJ9"
        }
      ]
    },
    {
      "mode": "managed",
      "type": "aws_s3_bucket_notification",
      "name": "image_upload_notification",
      "provider": "provider[\"registry.terraform.io/hashicorp/aws\"]",
      "instances": [
        {
          "schema_version": 0,
          "attributes": {
            "bucket": "stori-thumbnail-original-images",
            "eventbridge": false,
            "id": "stori-thumbnail-original-images",
            "lambda_function": [
              {
                "events": [
                  "s3:ObjectCreated:*"
                ],
                "filter_prefix": "",
                "filter_suffix": "",
                "id": "tf-s3-lambda-20241019220741386300000001",
                "lambda_function_arn": "arn:aws:lambda:us-west-2:577638394160:function:thumbnail-generator"
              }
            ],
            "queue": [],
            "topic": []
          },
          "sensitive_attributes": [],
          "private": "bnVsbA==",
          "dependencies": [
            "aws_db_instance.mysql_db",
            "aws_iam_role.lambda_s3_exec_role",
            "aws_lambda_function.thumbnail_generator",
            "aws_lambda_layer_version.mysql_connector_layer",
            "aws_lambda_layer_version.pillow_layer",
            "aws_lambda_permission.allow_s3_invoke",
            "aws_s3_bucket.source_images",
            "aws_s3_bucket.thumbnails",
            "aws_security_group.rds_security_group"
          ]
        }
      ]
    },
    {
      "mode": "managed",
      "type": "aws_security_group",
      "name": "rds_security_group",
      "provider": "provider[\"registry.terraform.io/hashicorp/aws\"]",
      "instances": [
        {
          "schema_version": 1,
          "attributes": {
            "arn": "arn:aws:ec2:us-west-2:577638394160:security-group/sg-08179316ea764274b",
            "description": "Allow MySQL traffic",
            "egress": [
              {
                "cidr_blocks": [
                  "0.0.0.0/0"
                ],
                "description": "",
                "from_port": 0,
                "ipv6_cidr_blocks": [],
                "prefix_list_ids": [],
                "protocol": "-1",
                "security_groups": [],
                "self": false,
                "to_port": 0
              }
            ],
            "id": "sg-08179316ea764274b",
            "ingress": [
              {
                "cidr_blocks": [
                  "0.0.0.0/0"
                ],
                "description": "",
                "from_port": 3306,
                "ipv6_cidr_blocks": [],
                "prefix_list_ids": [],
                "protocol": "tcp",
                "security_groups": [],
                "self": false,
                "to_port": 3306
              }
            ],
            "name": "allow_mysql",
            "name_prefix": "",
            "owner_id": "577638394160",
            "revoke_rules_on_delete": false,
            "tags": {
              "Name": "mysql-security-group"
            },
            "tags_all": {
              "Name": "mysql-security-group"
            },
            "timeouts": null,
            "vpc_id": "vpc-0b02143f693b775d7"
          },
          "sensitive_attributes": [],
          "private": "eyJlMmJmYjczMC1lY2FhLTExZTYtOGY4OC0zNDM2M2JjN2M0YzAiOnsiY3JlYXRlIjo2MDAwMDAwMDAwMDAsImRlbGV0ZSI6OTAwMDAwMDAwMDAwfSwic2NoZW1hX3ZlcnNpb24iOiIxIn0="
        }
      ]
    }
  ],
  "check_results": null
}
